# THIS IS AN AUTOGENERATED FILE. DO NOT EDIT THIS FILE DIRECTLY.
# yarn lockfile v1


"@ryyppy/rescript-promise@^2.1.0":
  "integrity" "sha512-+dW6msBrj2Lr2hbEMX+HoWCvN89qVjl94RwbYWJgHQuj8jm/izdPC0YzxgpGoEFdeAEW2sOozoLcYHxT6o5WXQ=="
  "resolved" "https://registry.npmjs.org/@ryyppy/rescript-promise/-/rescript-promise-2.1.0.tgz"
  "version" "2.1.0"

"rescript-simple-pdf@file:":
  "resolved" "file:"
  "version" "1.0.0"
  dependencies:
    "@ryyppy/rescript-promise" "^2.1.0"
    "rescript" "*"
    "rescript-simple-pdf" "file:"
    "rescript-webapi" "^0.7.0"

"rescript-webapi@^0.7.0":
  "integrity" "sha512-fA1LPXSmQY3HtcIStQ2sHu9Xye1XLxd4JvkGQMupux9Q6Tp/jbcdh7bnCaGwHW6aI1QFmTmA/xWxUMb6oPphsQ=="
  "resolved" "https://registry.npmjs.org/rescript-webapi/-/rescript-webapi-0.7.0.tgz"
  "version" "0.7.0"

"rescript@*":
  "integrity" "sha512-5qaf63As6nkbrMRJ85kZ0ifLzKAGPOGLuoJ4zFVGZIp4oMePRt6bCKWAIX7zgbRDfRPa3jSu+EnoY2873gxaIA=="
  "resolved" "https://registry.npmjs.org/rescript/-/rescript-10.1.3.tgz"
  "version" "10.1.3"
