# THIS IS AN AUTOGENERATED FILE. DO NOT EDIT THIS FILE DIRECTLY.
# yarn lockfile v1


"@ryyppy/rescript-promise@^2.1.0":
  version "2.1.0"
  resolved "https://registry.yarnpkg.com/@ryyppy/rescript-promise/-/rescript-promise-2.1.0.tgz#a33861274c41360cfbe872cf489f3dcb8dd526e6"
  integrity sha512-+dW6msBrj2Lr2hbEMX+HoWCvN89qVjl94RwbYWJgHQuj8jm/izdPC0YzxgpGoEFdeAEW2sOozoLcYHxT6o5WXQ==

rescript-webapi@^0.7.0:
  version "0.7.0"
  resolved "https://registry.yarnpkg.com/rescript-webapi/-/rescript-webapi-0.7.0.tgz#f8c61bf7383c82b6fe180ad045e16cb43b6299c0"
  integrity sha512-fA1LPXSmQY3HtcIStQ2sHu9Xye1XLxd4JvkGQMupux9Q6Tp/jbcdh7bnCaGwHW6aI1QFmTmA/xWxUMb6oPphsQ==

rescript@*:
  version "10.1.3"
  resolved "https://registry.yarnpkg.com/rescript/-/rescript-10.1.3.tgz#0ff208cef09ea1f8ad38efc171c4942eca72d444"
  integrity sha512-5qaf63As6nkbrMRJ85kZ0ifLzKAGPOGLuoJ4zFVGZIp4oMePRt6bCKWAIX7zgbRDfRPa3jSu+EnoY2873gxaIA==
